dependencies:
- name: postgresql
  repository: https://charts.bitnami.com/bitnami
  version: 12.5.6
- name: redis
  repository: https://charts.bitnami.com/bitnami
  version: 16.13.2
- name: weaviate
  repository: https://weaviate.github.io/weaviate-helm
  version: 17.3.3
- name: seekdb
  repository: https://chris-sun-star.github.io/oceanbase-docker-images
  version: 0.1.1
digest: sha256:fd0f1c94d55ab958ccdbccfac4704dae6695e21f6ff3dc9e141debdac1144f10
generated: "2025-12-24T14:23:54.773623+08:00"
